// !$*UTF8*$!
{
	archiveVersion = 1;
	classes = {
	};
	objectVersion = 56;
	objects = {

/* Begin PBXBuildFile section */
		6C18902F2A2C7A5B00DB38CA /* AppDelegate.swift in Sources */ = {isa = PBXBuildFile; fileRef = 6C18902E2A2C7A5B00DB38CA /* AppDelegate.swift */; };
		6C1890312A2C7A5B00DB38CA /* SceneDelegate.swift in Sources */ = {isa = PBXBuildFile; fileRef = 6C1890302A2C7A5B00DB38CA /* SceneDelegate.swift */; };
		6C1890332A2C7A5B00DB38CA /* ViewController.swift in Sources */ = {isa = PBXBuildFile; fileRef = 6C1890322A2C7A5B00DB38CA /* ViewController.swift */; };
		6C1890362A2C7A5B00DB38CA /* Main.storyboard in Resources */ = {isa = PBXBuildFile; fileRef = 6C1890342A2C7A5B00DB38CA /* Main.storyboard */; };
		6C1890382A2C7A5C00DB38CA /* Assets.xcassets in Resources */ = {isa = PBXBuildFile; fileRef = 6C1890372A2C7A5C00DB38CA /* Assets.xcassets */; };
		6C18903B2A2C7A5C00DB38CA /* LaunchScreen.storyboard in Resources */ = {isa = PBXBuildFile; fileRef = 6C1890392A2C7A5C00DB38CA /* LaunchScreen.storyboard */; };
		6C1890462A2C7A5C00DB38CA /* tableviewTests.swift in Sources */ = {isa = PBXBuildFile; fileRef = 6C1890452A2C7A5C00DB38CA /* tableviewTests.swift */; };
		6C1890502A2C7A5C00DB38CA /* tableviewUITests.swift in Sources */ = {isa = PBXBuildFile; fileRef = 6C18904F2A2C7A5C00DB38CA /* tableviewUITests.swift */; };
		6C1890522A2C7A5C00DB38CA /* tableviewUITestsLaunchTests.swift in Sources */ = {isa = PBXBuildFile; fileRef = 6C1890512A2C7A5C00DB38CA /* tableviewUITestsLaunchTests.swift */; };
		6C18905F2A2C849800DB38CA /* TableViewController.swift in Sources */ = {isa = PBXBuildFile; fileRef = 6C18905E2A2C849700DB38CA /* TableViewController.swift */; };
		6C1DF9592A2EAD1F009ECC8D /* World.swift in Sources */ = {isa = PBXBuildFile; fileRef = 6C1DF9582A2EAD1F009ECC8D /* World.swift */; };
/* End PBXBuildFile section */

/* Begin PBXContainerItemProxy section */
		6C1890422A2C7A5C00DB38CA /* PBXContainerItemProxy */ = {
			isa = PBXContainerItemProxy;
			containerPortal = 6C1890232A2C7A5B00DB38CA /* Project object */;
			proxyType = 1;
			remoteGlobalIDString = 6C18902A2A2C7A5B00DB38CA;
			remoteInfo = tableview;
		};
		6C18904C2A2C7A5C00DB38CA /* PBXContainerItemProxy */ = {
			isa = PBXContainerItemProxy;
			containerPortal = 6C1890232A2C7A5B00DB38CA /* Project object */;
			proxyType = 1;
			remoteGlobalIDString = 6C18902A2A2C7A5B00DB38CA;
			remoteInfo = tableview;
		};
/* End PBXContainerItemProxy section */

/* Begin PBXFileReference section */
		6C18902B2A2C7A5B00DB38CA /* tableview.app */ = {isa = PBXFileReference; explicitFileType = wrapper.application; includeInIndex = 0; path = tableview.app; sourceTree = BUILT_PRODUCTS_DIR; };
		6C18902E2A2C7A5B00DB38CA /* AppDelegate.swift */ = {isa = PBXFileReference; lastKnownFileType = sourcecode.swift; path = AppDelegate.swift; sourceTree = "<group>"; };
		6C1890302A2C7A5B00DB38CA /* SceneDelegate.swift */ = {isa = PBXFileReference; lastKnownFileType = sourcecode.swift; path = SceneDelegate.swift; sourceTree = "<group>"; };
		6C1890322A2C7A5B00DB38CA /* ViewController.swift */ = {isa = PBXFileReference; lastKnownFileType = sourcecode.swift; path = ViewController.swift; sourceTree = "<group>"; };
		6C1890352A2C7A5B00DB38CA /* Base */ = {isa = PBXFileReference; lastKnownFileType = file.storyboard; name = Base; path = Base.lproj/Main.storyboard; sourceTree = "<group>"; };
		6C1890372A2C7A5C00DB38CA /* Assets.xcassets */ = {isa = PBXFileReference; lastKnownFileType = folder.assetcatalog; path = Assets.xcassets; sourceTree = "<group>"; };
		6C18903A2A2C7A5C00DB38CA /* Base */ = {isa = PBXFileReference; lastKnownFileType = file.storyboard; name = Base; path = Base.lproj/LaunchScreen.storyboard; sourceTree = "<group>"; };
		6C18903C2A2C7A5C00DB38CA /* Info.plist */ = {isa = PBXFileReference; lastKnownFileType = text.plist.xml; path = Info.plist; sourceTree = "<group>"; };
		6C1890412A2C7A5C00DB38CA /* tableviewTests.xctest */ = {isa = PBXFileReference; explicitFileType = wrapper.cfbundle; includeInIndex = 0; path = tableviewTests.xctest; sourceTree = BUILT_PRODUCTS_DIR; };
		6C1890452A2C7A5C00DB38CA /* tableviewTests.swift */ = {isa = PBXFileReference; lastKnownFileType = sourcecode.swift; path = tableviewTests.swift; sourceTree = "<group>"; };
		6C18904B2A2C7A5C00DB38CA /* tableviewUITests.xctest */ = {isa = PBXFileReference; explicitFileType = wrapper.cfbundle; includeInIndex = 0; path = tableviewUITests.xctest; sourceTree = BUILT_PRODUCTS_DIR; };
		6C18904F2A2C7A5C00DB38CA /* tableviewUITests.swift */ = {isa = PBXFileReference; lastKnownFileType = sourcecode.swift; path = tableviewUITests.swift; sourceTree = "<group>"; };
		6C1890512A2C7A5C00DB38CA /* tableviewUITestsLaunchTests.swift */ = {isa = PBXFileReference; lastKnownFileType = sourcecode.swift; path = tableviewUITestsLaunchTests.swift; sourceTree = "<group>"; };
		6C18905E2A2C849700DB38CA /* TableViewController.swift */ = {isa = PBXFileReference; lastKnownFileType = sourcecode.swift; path = TableViewController.swift; sourceTree = "<group>"; };
		6C1DF9582A2EAD1F009ECC8D /* World.swift */ = {isa = PBXFileReference; lastKnownFileType = sourcecode.swift; path = World.swift; sourceTree = "<group>"; };
/* End PBXFileReference section */

/* Begin PBXFrameworksBuildPhase section */
		6C1890282A2C7A5B00DB38CA /* Frameworks */ = {
			isa = PBXFrameworksBuildPhase;
			buildActionMask = 2147483647;
			files = (
			);
			runOnlyForDeploymentPostprocessing = 0;
		};
		6C18903E2A2C7A5C00DB38CA /* Frameworks */ = {
			isa = PBXFrameworksBuildPhase;
			buildActionMask = 2147483647;
			files = (
			);
			runOnlyForDeploymentPostprocessing = 0;
		};
		6C1890482A2C7A5C00DB38CA /* Frameworks */ = {
			isa = PBXFrameworksBuildPhase;
			buildActionMask = 2147483647;
			files = (
			);
			runOnlyForDeploymentPostprocessing = 0;
		};
/* End PBXFrameworksBuildPhase section */

/* Begin PBXGroup section */
		6C1890222A2C7A5B00DB38CA = {
			isa = PBXGroup;
			children = (
				6C18902D2A2C7A5B00DB38CA /* tableview */,
				6C1890442A2C7A5C00DB38CA /* tableviewTests */,
				6C18904E2A2C7A5C00DB38CA /* tableviewUITests */,
				6C18902C2A2C7A5B00DB38CA /* Products */,
			);
			sourceTree = "<group>";
		};
		6C18902C2A2C7A5B00DB38CA /* Products */ = {
			isa = PBXGroup;
			children = (
				6C18902B2A2C7A5B00DB38CA /* tableview.app */,
				6C1890412A2C7A5C00DB38CA /* tableviewTests.xctest */,
				6C18904B2A2C7A5C00DB38CA /* tableviewUITests.xctest */,
			);
			name = Products;
			sourceTree = "<group>";
		};
		6C18902D2A2C7A5B00DB38CA /* tableview */ = {
			isa = PBXGroup;
			children = (
				6C18902E2A2C7A5B00DB38CA /* AppDelegate.swift */,
				6C1890302A2C7A5B00DB38CA /* SceneDelegate.swift */,
				6C1890322A2C7A5B00DB38CA /* ViewController.swift */,
				6C1DF9582A2EAD1F009ECC8D /* World.swift */,
				6C18905E2A2C849700DB38CA /* TableViewController.swift */,
				6C1890342A2C7A5B00DB38CA /* Main.storyboard */,
				6C1890372A2C7A5C00DB38CA /* Assets.xcassets */,
				6C1890392A2C7A5C00DB38CA /* LaunchScreen.storyboard */,
				6C18903C2A2C7A5C00DB38CA /* Info.plist */,
			);
			path = tableview;
			sourceTree = "<group>";
		};
		6C1890442A2C7A5C00DB38CA /* tableviewTests */ = {
			isa = PBXGroup;
			children = (
				6C1890452A2C7A5C00DB38CA /* tableviewTests.swift */,
			);
			path = tableviewTests;
			sourceTree = "<group>";
		};
		6C18904E2A2C7A5C00DB38CA /* tableviewUITests */ = {
			isa = PBXGroup;
			children = (
				6C18904F2A2C7A5C00DB38CA /* tableviewUITests.swift */,
				6C1890512A2C7A5C00DB38CA /* tableviewUITestsLaunchTests.swift */,
			);
			path = tableviewUITests;
			sourceTree = "<group>";
		};
/* End PBXGroup section */

/* Begin PBXNativeTarget section */
		6C18902A2A2C7A5B00DB38CA /* tableview */ = {
			isa = PBXNativeTarget;
			buildConfigurationList = 6C1890552A2C7A5C00DB38CA /* Build configuration list for PBXNativeTarget "tableview" */;
			buildPhases = (
				6C1890272A2C7A5B00DB38CA /* Sources */,
				6C1890282A2C7A5B00DB38CA /* Frameworks */,
				6C1890292A2C7A5B00DB38CA /* Resources */,
			);
			buildRules = (
			);
			dependencies = (
			);
			name = tableview;
			productName = tableview;
			productReference = 6C18902B2A2C7A5B00DB38CA /* tableview.app */;
			productType = "com.apple.product-type.application";
		};
		6C1890402A2C7A5C00DB38CA /* tableviewTests */ = {
			isa = PBXNativeTarget;
			buildConfigurationList = 6C1890582A2C7A5C00DB38CA /* Build configuration list for PBXNativeTarget "tableviewTests" */;
			buildPhases = (
				6C18903D2A2C7A5C00DB38CA /* Sources */,
				6C18903E2A2C7A5C00DB38CA /* Frameworks */,
				6C18903F2A2C7A5C00DB38CA /* Resources */,
			);
			buildRules = (
			);
			dependencies = (
				6C1890432A2C7A5C00DB38CA /* PBXTargetDependency */,
			);
			name = tableviewTests;
			productName = tableviewTests;
			productReference = 6C1890412A2C7A5C00DB38CA /* tableviewTests.xctest */;
			productType = "com.apple.product-type.bundle.unit-test";
		};
		6C18904A2A2C7A5C00DB38CA /* tableviewUITests */ = {
			isa = PBXNativeTarget;
			buildConfigurationList = 6C18905B2A2C7A5C00DB38CA /* Build configuration list for PBXNativeTarget "tableviewUITests" */;
			buildPhases = (
				6C1890472A2C7A5C00DB38CA /* Sources */,
				6C1890482A2C7A5C00DB38CA /* Frameworks */,
				6C1890492A2C7A5C00DB38CA /* Resources */,
			);
			buildRules = (
			);
			dependencies = (
				6C18904D2A2C7A5C00DB38CA /* PBXTargetDependency */,
			);
			name = tableviewUITests;
			productName = tableviewUITests;
			productReference = 6C18904B2A2C7A5C00DB38CA /* tableviewUITests.xctest */;
			productType = "com.apple.product-type.bundle.ui-testing";
		};
/* End PBXNativeTarget section */

/* Begin PBXProject section */
		6C1890232A2C7A5B00DB38CA /* Project object */ = {
			isa = PBXProject;
			attributes = {
				BuildIndependentTargetsInParallel = 1;
				LastSwiftUpdateCheck = 1430;
				LastUpgradeCheck = 1430;
				TargetAttributes = {
					6C18902A2A2C7A5B00DB38CA = {
						CreatedOnToolsVersion = 14.3;
					};
					6C1890402A2C7A5C00DB38CA = {
						CreatedOnToolsVersion = 14.3;
						TestTargetID = 6C18902A2A2C7A5B00DB38CA;
					};
					6C18904A2A2C7A5C00DB38CA = {
						CreatedOnToolsVersion = 14.3;
						TestTargetID = 6C18902A2A2C7A5B00DB38CA;
					};
				};
			};
			buildConfigurationList = 6C1890262A2C7A5B00DB38CA /* Build configuration list for PBXProject "tableview" */;
			compatibilityVersion = "Xcode 14.0";
			developmentRegion = en;
			hasScannedForEncodings = 0;
			knownRegions = (
				en,
				Base,
			);
			mainGroup = 6C1890222A2C7A5B00DB38CA;
			productRefGroup = 6C18902C2A2C7A5B00DB38CA /* Products */;
			projectDirPath = "";
			projectRoot = "";
			targets = (
				6C18902A2A2C7A5B00DB38CA /* tableview */,
				6C1890402A2C7A5C00DB38CA /* tableviewTests */,
				6C18904A2A2C7A5C00DB38CA /* tableviewUITests */,
			);
		};
/* End PBXProject section */

/* Begin PBXResourcesBuildPhase section */
		6C1890292A2C7A5B00DB38CA /* Resources */ = {
			isa = PBXResourcesBuildPhase;
			buildActionMask = 2147483647;
			files = (
				6C18903B2A2C7A5C00DB38CA /* LaunchScreen.storyboard in Resources */,
				6C1890382A2C7A5C00DB38CA /* Assets.xcassets in Resources */,
				6C1890362A2C7A5B00DB38CA /* Main.storyboard in Resources */,
			);
			runOnlyForDeploymentPostprocessing = 0;
		};
		6C18903F2A2C7A5C00DB38CA /* Resources */ = {
			isa = PBXResourcesBuildPhase;
			buildActionMask = 2147483647;
			files = (
			);
			runOnlyForDeploymentPostprocessing = 0;
		};
		6C1890492A2C7A5C00DB38CA /* Resources */ = {
			isa = PBXResourcesBuildPhase;
			buildActionMask = 2147483647;
			files = (
			);
			runOnlyForDeploymentPostprocessing = 0;
		};
/* End PBXResourcesBuildPhase section */

/* Begin PBXSourcesBuildPhase section */
		6C1890272A2C7A5B00DB38CA /* Sources */ = {
			isa = PBXSourcesBuildPhase;
			buildActionMask = 2147483647;
			files = (
				6C1890332A2C7A5B00DB38CA /* ViewController.swift in Sources */,
				6C18902F2A2C7A5B00DB38CA /* AppDelegate.swift in Sources */,
				6C1890312A2C7A5B00DB38CA /* SceneDelegate.swift in Sources */,
				6C18905F2A2C849800DB38CA /* TableViewController.swift in Sources */,
				6C1DF9592A2EAD1F009ECC8D /* World.swift in Sources */,
			);
			runOnlyForDeploymentPostprocessing = 0;
		};
		6C18903D2A2C7A5C00DB38CA /* Sources */ = {
			isa = PBXSourcesBuildPhase;
			buildActionMask = 2147483647;
			files = (
				6C1890462A2C7A5C00DB38CA /* tableviewTests.swift in Sources */,
			);
			runOnlyForDeploymentPostprocessing = 0;
		};
		6C1890472A2C7A5C00DB38CA /* Sources */ = {
			isa = PBXSourcesBuildPhase;
			buildActionMask = 2147483647;
			files = (
				6C1890522A2C7A5C00DB38CA /* tableviewUITestsLaunchTests.swift in Sources */,
				6C1890502A2C7A5C00DB38CA /* tableviewUITests.swift in Sources */,
			);
			runOnlyForDeploymentPostprocessing = 0;
		};
/* End PBXSourcesBuildPhase section */

/* Begin PBXTargetDependency section */
		6C1890432A2C7A5C00DB38CA /* PBXTargetDependency */ = {
			isa = PBXTargetDependency;
			target = 6C18902A2A2C7A5B00DB38CA /* tableview */;
			targetProxy = 6C1890422A2C7A5C00DB38CA /* PBXContainerItemProxy */;
		};
		6C18904D2A2C7A5C00DB38CA /* PBXTargetDependency */ = {
			isa = PBXTargetDependency;
			target = 6C18902A2A2C7A5B00DB38CA /* tableview */;
			targetProxy = 6C18904C2A2C7A5C00DB38CA /* PBXContainerItemProxy */;
		};
/* End PBXTargetDependency section */

/* Begin PBXVariantGroup section */
		6C1890342A2C7A5B00DB38CA /* Main.storyboard */ = {
			isa = PBXVariantGroup;
			children = (
				6C1890352A2C7A5B00DB38CA /* Base */,
			);
			name = Main.storyboard;
			sourceTree = "<group>";
		};
		6C1890392A2C7A5C00DB38CA /* LaunchScreen.storyboard */ = {
			isa = PBXVariantGroup;
			children = (
				6C18903A2A2C7A5C00DB38CA /* Base */,
			);
			name = LaunchScreen.storyboard;
			sourceTree = "<group>";
		};
/* End PBXVariantGroup section */

/* Begin XCBuildConfiguration section */
		6C1890532A2C7A5C00DB38CA /* Debug */ = {
			isa = XCBuildConfiguration;
			buildSettings = {
				ALWAYS_SEARCH_USER_PATHS = NO;
				CLANG_ANALYZER_NONNULL = YES;
				CLANG_ANALYZER_NUMBER_OBJECT_CONVERSION = YES_AGGRESSIVE;
				CLANG_CXX_LANGUAGE_STANDARD = "gnu++20";
				CLANG_ENABLE_MODULES = YES;
				CLANG_ENABLE_OBJC_ARC = YES;
				CLANG_ENABLE_OBJC_WEAK = YES;
				CLANG_WARN_BLOCK_CAPTURE_AUTORELEASING = YES;
				CLANG_WARN_BOOL_CONVERSION = YES;
				CLANG_WARN_COMMA = YES;
				CLANG_WARN_CONSTANT_CONVERSION = YES;
				CLANG_WARN_DEPRECATED_OBJC_IMPLEMENTATIONS = YES;
				CLANG_WARN_DIRECT_OBJC_ISA_USAGE = YES_ERROR;
				CLANG_WARN_DOCUMENTATION_COMMENTS = YES;
				CLANG_WARN_EMPTY_BODY = YES;
				CLANG_WARN_ENUM_CONVERSION = YES;
				CLANG_WARN_INFINITE_RECURSION = YES;
				CLANG_WARN_INT_CONVERSION = YES;
				CLANG_WARN_NON_LITERAL_NULL_CONVERSION = YES;
				CLANG_WARN_OBJC_IMPLICIT_RETAIN_SELF = YES;
				CLANG_WARN_OBJC_LITERAL_CONVERSION = YES;
				CLANG_WARN_OBJC_ROOT_CLASS = YES_ERROR;
				CLANG_WARN_QUOTED_INCLUDE_IN_FRAMEWORK_HEADER = YES;
				CLANG_WARN_RANGE_LOOP_ANALYSIS = YES;
				CLANG_WARN_STRICT_PROTOTYPES = YES;
				CLANG_WARN_SUSPICIOUS_MOVE = YES;
				CLANG_WARN_UNGUARDED_AVAILABILITY = YES_AGGRESSIVE;
				CLANG_WARN_UNREACHABLE_CODE = YES;
				CLANG_WARN__DUPLICATE_METHOD_MATCH = YES;
				COPY_PHASE_STRIP = NO;
				DEBUG_INFORMATION_FORMAT = dwarf;
				ENABLE_STRICT_OBJC_MSGSEND = YES;
				ENABLE_TESTABILITY = YES;
				GCC_C_LANGUAGE_STANDARD = gnu11;
				GCC_DYNAMIC_NO_PIC = NO;
				GCC_NO_COMMON_BLOCKS = YES;
				GCC_OPTIMIZATION_LEVEL = 0;
				GCC_PREPROCESSOR_DEFINITIONS = (
					"DEBUG=1",
					"$(inherited)",
				);
				GCC_WARN_64_TO_32_BIT_CONVERSION = YES;
				GCC_WARN_ABOUT_RETURN_TYPE = YES_ERROR;
				GCC_WARN_UNDECLARED_SELECTOR = YES;
				GCC_WARN_UNINITIALIZED_AUTOS = YES_AGGRESSIVE;
				GCC_WARN_UNUSED_FUNCTION = YES;
				GCC_WARN_UNUSED_VARIABLE = YES;
				IPHONEOS_DEPLOYMENT_TARGET = 16.4;
				MTL_ENABLE_DEBUG_INFO = INCLUDE_SOURCE;
				MTL_FAST_MATH = YES;
				ONLY_ACTIVE_ARCH = YES;
				SDKROOT = iphoneos;
				SWIFT_ACTIVE_COMPILATION_CONDITIONS = DEBUG;
				SWIFT_OPTIMIZATION_LEVEL = "-Onone";
			};
			name = Debug;
		};
		6C1890542A2C7A5C00DB38CA /* Release */ = {
			isa = XCBuildConfiguration;
			buildSettings = {
				ALWAYS_SEARCH_USER_PATHS = NO;
				CLANG_ANALYZER_NONNULL = YES;
				CLANG_ANALYZER_NUMBER_OBJECT_CONVERSION = YES_AGGRESSIVE;
				CLANG_CXX_LANGUAGE_STANDARD = "gnu++20";
				CLANG_ENABLE_MODULES = YES;
				CLANG_ENABLE_OBJC_ARC = YES;
				CLANG_ENABLE_OBJC_WEAK = YES;
				CLANG_WARN_BLOCK_CAPTURE_AUTORELEASING = YES;
				CLANG_WARN_BOOL_CONVERSION = YES;
				CLANG_WARN_COMMA = YES;
				CLANG_WARN_CONSTANT_CONVERSION = YES;
				CLANG_WARN_DEPRECATED_OBJC_IMPLEMENTATIONS = YES;
				CLANG_WARN_DIRECT_OBJC_ISA_USAGE = YES_ERROR;
				CLANG_WARN_DOCUMENTATION_COMMENTS = YES;
				CLANG_WARN_EMPTY_BODY = YES;
				CLANG_WARN_ENUM_CONVERSION = YES;
				CLANG_WARN_INFINITE_RECURSION = YES;
				CLANG_WARN_INT_CONVERSION = YES;
				CLANG_WARN_NON_LITERAL_NULL_CONVERSION = YES;
				CLANG_WARN_OBJC_IMPLICIT_RETAIN_SELF = YES;
				CLANG_WARN_OBJC_LITERAL_CONVERSION = YES;
				CLANG_WARN_OBJC_ROOT_CLASS = YES_ERROR;
				CLANG_WARN_QUOTED_INCLUDE_IN_FRAMEWORK_HEADER = YES;
				CLANG_WARN_RANGE_LOOP_ANALYSIS = YES;
				CLANG_WARN_STRICT_PROTOTYPES = YES;
				CLANG_WARN_SUSPICIOUS_MOVE = YES;
				CLANG_WARN_UNGUARDED_AVAILABILITY = YES_AGGRESSIVE;
				CLANG_WARN_UNREACHABLE_CODE = YES;
				CLANG_WARN__DUPLICATE_METHOD_MATCH = YES;
				COPY_PHASE_STRIP = NO;
				DEBUG_INFORMATION_FORMAT = "dwarf-with-dsym";
				ENABLE_NS_ASSERTIONS = NO;
				ENABLE_STRICT_OBJC_MSGSEND = YES;
				GCC_C_LANGUAGE_STANDARD = gnu11;
				GCC_NO_COMMON_BLOCKS = YES;
				GCC_WARN_64_TO_32_BIT_CONVERSION = YES;
				GCC_WARN_ABOUT_RETURN_TYPE = YES_ERROR;
				GCC_WARN_UNDECLARED_SELECTOR = YES;
				GCC_WARN_UNINITIALIZED_AUTOS = YES_AGGRESSIVE;
				GCC_WARN_UNUSED_FUNCTION = YES;
				GCC_WARN_UNUSED_VARIABLE = YES;
				IPHONEOS_DEPLOYMENT_TARGET = 16.4;
				MTL_ENABLE_DEBUG_INFO = NO;
				MTL_FAST_MATH = YES;
				SDKROOT = iphoneos;
				SWIFT_COMPILATION_MODE = wholemodule;
				SWIFT_OPTIMIZATION_LEVEL = "-O";
				VALIDATE_PRODUCT = YES;
			};
			name = Release;
		};
		6C1890562A2C7A5C00DB38CA /* Debug */ = {
			isa = XCBuildConfiguration;
			buildSettings = {
				ASSETCATALOG_COMPILER_APPICON_NAME = AppIcon;
				ASSETCATALOG_COMPILER_GLOBAL_ACCENT_COLOR_NAME = AccentColor;
				CODE_SIGN_STYLE = Automatic;
				CURRENT_PROJECT_VERSION = 1;
				GENERATE_INFOPLIST_FILE = YES;
				INFOPLIST_FILE = tableview/Info.plist;
				INFOPLIST_KEY_UIApplicationSupportsIndirectInputEvents = YES;
				INFOPLIST_KEY_UILaunchStoryboardName = LaunchScreen;
				INFOPLIST_KEY_UIMainStoryboardFile = Main;
				INFOPLIST_KEY_UISupportedInterfaceOrientations_iPad = "UIInterfaceOrientationPortrait UIInterfaceOrientationPortraitUpsideDown UIInterfaceOrientationLandscapeLeft UIInterfaceOrientationLandscapeRight";
				INFOPLIST_KEY_UISupportedInterfaceOrientations_iPhone = "UIInterfaceOrientationPortrait UIInterfaceOrientationLandscapeLeft UIInterfaceOrientationLandscapeRight";
				LD_RUNPATH_SEARCH_PATHS = (
					"$(inherited)",
					"@executable_path/Frameworks",
				);
				MARKETING_VERSION = 1.0;
				PRODUCT_BUNDLE_IDENTIFIER = kz.mobydev.tableview;
				PRODUCT_NAME = "$(TARGET_NAME)";
				SWIFT_EMIT_LOC_STRINGS = YES;
				SWIFT_VERSION = 5.0;
				TARGETED_DEVICE_FAMILY = "1,2";
			};
			name = Debug;
		};
		6C1890572A2C7A5C00DB38CA /* Release */ = {
			isa = XCBuildConfiguration;
			buildSettings = {
				ASSETCATALOG_COMPILER_APPICON_NAME = AppIcon;
				ASSETCATALOG_COMPILER_GLOBAL_ACCENT_COLOR_NAME = AccentColor;
				CODE_SIGN_STYLE = Automatic;
				CURRENT_PROJECT_VERSION = 1;
				GENERATE_INFOPLIST_FILE = YES;
				INFOPLIST_FILE = tableview/Info.plist;
				INFOPLIST_KEY_UIApplicationSupportsIndirectInputEvents = YES;
				INFOPLIST_KEY_UILaunchStoryboardName = LaunchScreen;
				INFOPLIST_KEY_UIMainStoryboardFile = Main;
				INFOPLIST_KEY_UISupportedInterfaceOrientations_iPad = "UIInterfaceOrientationPortrait UIInterfaceOrientationPortraitUpsideDown UIInterfaceOrientationLandscapeLeft UIInterfaceOrientationLandscapeRight";
				INFOPLIST_KEY_UISupportedInterfaceOrientations_iPhone = "UIInterfaceOrientationPortrait UIInterfaceOrientationLandscapeLeft UIInterfaceOrientationLandscapeRight";
				LD_RUNPATH_SEARCH_PATHS = (
					"$(inherited)",
					"@executable_path/Frameworks",
				);
				MARKETING_VERSION = 1.0;
				PRODUCT_BUNDLE_IDENTIFIER = kz.mobydev.tableview;
				PRODUCT_NAME = "$(TARGET_NAME)";
				SWIFT_EMIT_LOC_STRINGS = YES;
				SWIFT_VERSION = 5.0;
				TARGETED_DEVICE_FAMILY = "1,2";
			};
			name = Release;
		};
		6C1890592A2C7A5C00DB38CA /* Debug */ = {
			isa = XCBuildConfiguration;
			buildSettings = {
				ALWAYS_EMBED_SWIFT_STANDARD_LIBRARIES = YES;
				BUNDLE_LOADER = "$(TEST_HOST)";
				CODE_SIGN_STYLE = Automatic;
				CURRENT_PROJECT_VERSION = 1;
				GENERATE_INFOPLIST_FILE = YES;
				IPHONEOS_DEPLOYMENT_TARGET = 16.4;
				MARKETING_VERSION = 1.0;
				PRODUCT_BUNDLE_IDENTIFIER = kz.mobydev.tableviewTests;
				PRODUCT_NAME = "$(TARGET_NAME)";
				SWIFT_EMIT_LOC_STRINGS = NO;
				SWIFT_VERSION = 5.0;
				TARGETED_DEVICE_FAMILY = "1,2";
				TEST_HOST = "$(BUILT_PRODUCTS_DIR)/tableview.app/$(BUNDLE_EXECUTABLE_FOLDER_PATH)/tableview";
			};
			name = Debug;
		};
		6C18905A2A2C7A5C00DB38CA /* Release */ = {
			isa = XCBuildConfiguration;
			buildSettings = {
				ALWAYS_EMBED_SWIFT_STANDARD_LIBRARIES = YES;
				BUNDLE_LOADER = "$(TEST_HOST)";
				CODE_SIGN_STYLE = Automatic;
				CURRENT_PROJECT_VERSION = 1;
				GENERATE_INFOPLIST_FILE = YES;
				IPHONEOS_DEPLOYMENT_TARGET = 16.4;
				MARKETING_VERSION = 1.0;
				PRODUCT_BUNDLE_IDENTIFIER = kz.mobydev.tableviewTests;
				PRODUCT_NAME = "$(TARGET_NAME)";
				SWIFT_EMIT_LOC_STRINGS = NO;
				SWIFT_VERSION = 5.0;
				TARGETED_DEVICE_FAMILY = "1,2";
				TEST_HOST = "$(BUILT_PRODUCTS_DIR)/tableview.app/$(BUNDLE_EXECUTABLE_FOLDER_PATH)/tableview";
			};
			name = Release;
		};
		6C18905C2A2C7A5C00DB38CA /* Debug */ = {
			isa = XCBuildConfiguration;
			buildSettings = {
				ALWAYS_EMBED_SWIFT_STANDARD_LIBRARIES = YES;
				CODE_SIGN_STYLE = Automatic;
				CURRENT_PROJECT_VERSION = 1;
				GENERATE_INFOPLIST_FILE = YES;
				MARKETING_VERSION = 1.0;
				PRODUCT_BUNDLE_IDENTIFIER = kz.mobydev.tableviewUITests;
				PRODUCT_NAME = "$(TARGET_NAME)";
				SWIFT_EMIT_LOC_STRINGS = NO;
				SWIFT_VERSION = 5.0;
				TARGETED_DEVICE_FAMILY = "1,2";
				TEST_TARGET_NAME = tableview;
			};
			name = Debug;
		};
		6C18905D2A2C7A5C00DB38CA /* Release */ = {
			isa = XCBuildConfiguration;
			buildSettings = {
				ALWAYS_EMBED_SWIFT_STANDARD_LIBRARIES = YES;
				CODE_SIGN_STYLE = Automatic;
				CURRENT_PROJECT_VERSION = 1;
				GENERATE_INFOPLIST_FILE = YES;
				MARKETING_VERSION = 1.0;
				PRODUCT_BUNDLE_IDENTIFIER = kz.mobydev.tableviewUITests;
				PRODUCT_NAME = "$(TARGET_NAME)";
				SWIFT_EMIT_LOC_STRINGS = NO;
				SWIFT_VERSION = 5.0;
				TARGETED_DEVICE_FAMILY = "1,2";
				TEST_TARGET_NAME = tableview;
			};
			name = Release;
		};
/* End XCBuildConfiguration section */

/* Begin XCConfigurationList section */
		6C1890262A2C7A5B00DB38CA /* Build configuration list for PBXProject "tableview" */ = {
			isa = XCConfigurationList;
			buildConfigurations = (
				6C1890532A2C7A5C00DB38CA /* Debug */,
				6C1890542A2C7A5C00DB38CA /* Release */,
			);
			defaultConfigurationIsVisible = 0;
			defaultConfigurationName = Release;
		};
		6C1890552A2C7A5C00DB38CA /* Build configuration list for PBXNativeTarget "tableview" */ = {
			isa = XCConfigurationList;
			buildConfigurations = (
				6C1890562A2C7A5C00DB38CA /* Debug */,
				6C1890572A2C7A5C00DB38CA /* Release */,
			);
			defaultConfigurationIsVisible = 0;
			defaultConfigurationName = Release;
		};
		6C1890582A2C7A5C00DB38CA /* Build configuration list for PBXNativeTarget "tableviewTests" */ = {
			isa = XCConfigurationList;
			buildConfigurations = (
				6C1890592A2C7A5C00DB38CA /* Debug */,
				6C18905A2A2C7A5C00DB38CA /* Release */,
			);
			defaultConfigurationIsVisible = 0;
			defaultConfigurationName = Release;
		};
		6C18905B2A2C7A5C00DB38CA /* Build configuration list for PBXNativeTarget "tableviewUITests" */ = {
			isa = XCConfigurationList;
			buildConfigurations = (
				6C18905C2A2C7A5C00DB38CA /* Debug */,
				6C18905D2A2C7A5C00DB38CA /* Release */,
			);
			defaultConfigurationIsVisible = 0;
			defaultConfigurationName = Release;
		};
/* End XCConfigurationList section */
	};
	rootObject = 6C1890232A2C7A5B00DB38CA /* Project object */;
}
